
Microsoft Visual Studio Solution File, Format Version 12.00
# Visual Studio Version 17
VisualStudioVersion = 17.14.36121.58 d17.14
MinimumVisualStudioVersion = 10.0.40219.1
Project("{2150E333-8FDC-42A3-9474-1A3956D46DE8}") = "FrontEnd", "FrontEnd", "{02EA681E-C7D8-13C7-8484-4AC65E1B71E8}"
EndProject
Project("{2150E333-8FDC-42A3-9474-1A3956D46DE8}") = "Services", "Services", "{A744691E-721A-48E4-A88A-8AD0814F0D25}"
EndProject
Project("{FAE04EC0-301F-11D3-BF4B-00C04F79EFBC}") = "GeekShopping.Web", "GeekShopping.Web\GeekShopping.Web.csproj", "{8BE09196-06C7-4A7E-8255-AF8A2BFB8C63}"
EndProject
Project("{FAE04EC0-301F-11D3-BF4B-00C04F79EFBC}") = "GeekShopping.ProductAPI", "GeekShopping.ProductAPI\GeekShopping.ProductAPI.csproj", "{02F13DCC-8B2D-4A3B-8FB0-7AEB55B10DD2}"
EndProject
Global
	GlobalSection(SolutionConfigurationPlatforms) = preSolution
		Debug|Any CPU = Debug|Any CPU
		Release|Any CPU = Release|Any CPU
	EndGlobalSection
	GlobalSection(ProjectConfigurationPlatforms) = postSolution
		{8BE09196-06C7-4A7E-8255-AF8A2BFB8C63}.Debug|Any CPU.ActiveCfg = Debug|Any CPU
		{8BE09196-06C7-4A7E-8255-AF8A2BFB8C63}.Debug|Any CPU.Build.0 = Debug|Any CPU
		{8BE09196-06C7-4A7E-8255-AF8A2BFB8C63}.Release|Any CPU.ActiveCfg = Release|Any CPU
		{8BE09196-06C7-4A7E-8255-AF8A2BFB8C63}.Release|Any CPU.Build.0 = Release|Any CPU
		{02F13DCC-8B2D-4A3B-8FB0-7AEB55B10DD2}.Debug|Any CPU.ActiveCfg = Debug|Any CPU
		{02F13DCC-8B2D-4A3B-8FB0-7AEB55B10DD2}.Debug|Any CPU.Build.0 = Debug|Any CPU
		{02F13DCC-8B2D-4A3B-8FB0-7AEB55B10DD2}.Release|Any CPU.ActiveCfg = Release|Any CPU
		{02F13DCC-8B2D-4A3B-8FB0-7AEB55B10DD2}.Release|Any CPU.Build.0 = Release|Any CPU
	EndGlobalSection
	GlobalSection(SolutionProperties) = preSolution
		HideSolutionNode = FALSE
	EndGlobalSection
	GlobalSection(NestedProjects) = preSolution
		{8BE09196-06C7-4A7E-8255-AF8A2BFB8C63} = {02EA681E-C7D8-13C7-8484-4AC65E1B71E8}
		{02F13DCC-8B2D-4A3B-8FB0-7AEB55B10DD2} = {A744691E-721A-48E4-A88A-8AD0814F0D25}
	EndGlobalSection
	GlobalSection(ExtensibilityGlobals) = postSolution
		SolutionGuid = {A6134503-8AA2-4455-87B1-573FDCDDC896}
	EndGlobalSection
EndGlobal
